{
  "nodes": {
    "nixpkgs": {
      "locked": {
        "lastModified": 1774709303,
        "narHash": "sha256-D4ely1FsBcvtj/qSrNhSWpq+CUZKNiKwJIxpxnfy9o4=",
        "rev": "8110df5ad7abf5d4c0f6fb0f8f978390e77f9685",
        "type": "tarball",
        "url": "https://releases.nixos.org/nixos/unstable/nixos-26.05pre971119.8110df5ad7ab/nixexprs.tar.xz?lastModified=1774709303&rev=8110df5ad7abf5d4c0f6fb0f8f978390e77f9685"
      },
      "original": {
        "type": "tarball",
        "url": "https://channels.nixos.org/nixos-unstable/nixexprs.tar.xz"
      }
    },
    "root": {
      "inputs": {
        "nixpkgs": "nixpkgs"
      }
    }
  },
  "root": "root",
  "version": 7
}
