{
  "nodes": {
    "nixpkgs": {
      "locked": {
        "lastModified": 1759143120,
        "narHash": "sha256-Lz9jvhswQu/niKVttNvOds0w+OS+2x63NivPVJng5G4=",
        "rev": "e9f00bd893984bc8ce46c895c3bf7cac95331127",
        "type": "tarball",
        "url": "https://releases.nixos.org/nixos/unstable/nixos-25.11pre868392.e9f00bd89398/nixexprs.tar.xz?rev=e9f00bd893984bc8ce46c895c3bf7cac95331127"
      },
      "original": {
        "type": "tarball",
        "url": "https://channels.nixos.org/nixos-unstable/nixexprs.tar.xz"
      }
    },
    "root": {
      "inputs": {
        "nixpkgs": "nixpkgs"
      }
    }
  },
  "root": "root",
  "version": 7
}
