{
  "nodes": {
    "nixpkgs": {
      "locked": {
        "lastModified": 1769018530,
        "narHash": "sha256-S/5RU76BdQ32bbE99a+G9gMuatpVWEvIfeSjEqyoFS4=",
        "rev": "88d3861acdd3d2f0e361767018218e51810df8a1",
        "type": "tarball",
        "url": "https://releases.nixos.org/nixos/unstable/nixos-26.05pre931542.88d3861acdd3/nixexprs.tar.xz?lastModified=1769018530&rev=88d3861acdd3d2f0e361767018218e51810df8a1"
      },
      "original": {
        "type": "tarball",
        "url": "https://channels.nixos.org/nixos-unstable/nixexprs.tar.xz"
      }
    },
    "root": {
      "inputs": {
        "nixpkgs": "nixpkgs"
      }
    }
  },
  "root": "root",
  "version": 7
}
